
Microsoft Visual Studio Solution File, Format Version 12.00
# Visual Studio 15
VisualStudioVersion = 15.0.28010.2003
MinimumVisualStudioVersion = 10.0.40219.1
Project("{FAE04EC0-301F-11D3-BF4B-00C04F79EFBC}") = "freelancerBD", "freelancerBD\freelancerBD.csproj", "{6011FFBD-8704-43F5-BA19-1DC0D6DAC369}"
EndProject
Project("{FAE04EC0-301F-11D3-BF4B-00C04F79EFBC}") = "freelancerBD.Entities", "freelancerBD.Entities\freelancerBD.Entities.csproj", "{8A75ABC2-FA38-480C-8946-D4A3D59CC449}"
EndProject
Project("{FAE04EC0-301F-11D3-BF4B-00C04F79EFBC}") = "freelancerBD.Infrastructure", "freelancerBD.Infrastructure\freelancerBD.Infrastructure.csproj", "{F3CF2ED8-E261-4F20-AEA9-497A5234E2D6}"
EndProject
Project("{FAE04EC0-301F-11D3-BF4B-00C04F79EFBC}") = "freelancerBD.Service", "freelancerBD.Service\freelancerBD.Service.csproj", "{5901C84F-36F7-4F06-9AD6-59809DC9314C}"
EndProject
Project("{FAE04EC0-301F-11D3-BF4B-00C04F79EFBC}") = "freelancerBD.IService", "freelancerBD.IService\freelancerBD.IService.csproj", "{104CA2DD-88D8-435F-85F3-708B0C429319}"
EndProject
Global
	GlobalSection(SolutionConfigurationPlatforms) = preSolution
		Debug|Any CPU = Debug|Any CPU
		Release|Any CPU = Release|Any CPU
	EndGlobalSection
	GlobalSection(ProjectConfigurationPlatforms) = postSolution
		{6011FFBD-8704-43F5-BA19-1DC0D6DAC369}.Debug|Any CPU.ActiveCfg = Debug|Any CPU
		{6011FFBD-8704-43F5-BA19-1DC0D6DAC369}.Debug|Any CPU.Build.0 = Debug|Any CPU
		{6011FFBD-8704-43F5-BA19-1DC0D6DAC369}.Release|Any CPU.ActiveCfg = Release|Any CPU
		{6011FFBD-8704-43F5-BA19-1DC0D6DAC369}.Release|Any CPU.Build.0 = Release|Any CPU
		{8A75ABC2-FA38-480C-8946-D4A3D59CC449}.Debug|Any CPU.ActiveCfg = Debug|Any CPU
		{8A75ABC2-FA38-480C-8946-D4A3D59CC449}.Debug|Any CPU.Build.0 = Debug|Any CPU
		{8A75ABC2-FA38-480C-8946-D4A3D59CC449}.Release|Any CPU.ActiveCfg = Release|Any CPU
		{8A75ABC2-FA38-480C-8946-D4A3D59CC449}.Release|Any CPU.Build.0 = Release|Any CPU
		{F3CF2ED8-E261-4F20-AEA9-497A5234E2D6}.Debug|Any CPU.ActiveCfg = Debug|Any CPU
		{F3CF2ED8-E261-4F20-AEA9-497A5234E2D6}.Debug|Any CPU.Build.0 = Debug|Any CPU
		{F3CF2ED8-E261-4F20-AEA9-497A5234E2D6}.Release|Any CPU.ActiveCfg = Release|Any CPU
		{F3CF2ED8-E261-4F20-AEA9-497A5234E2D6}.Release|Any CPU.Build.0 = Release|Any CPU
		{5901C84F-36F7-4F06-9AD6-59809DC9314C}.Debug|Any CPU.ActiveCfg = Debug|Any CPU
		{5901C84F-36F7-4F06-9AD6-59809DC9314C}.Debug|Any CPU.Build.0 = Debug|Any CPU
		{5901C84F-36F7-4F06-9AD6-59809DC9314C}.Release|Any CPU.ActiveCfg = Release|Any CPU
		{5901C84F-36F7-4F06-9AD6-59809DC9314C}.Release|Any CPU.Build.0 = Release|Any CPU
		{104CA2DD-88D8-435F-85F3-708B0C429319}.Debug|Any CPU.ActiveCfg = Debug|Any CPU
		{104CA2DD-88D8-435F-85F3-708B0C429319}.Debug|Any CPU.Build.0 = Debug|Any CPU
		{104CA2DD-88D8-435F-85F3-708B0C429319}.Release|Any CPU.ActiveCfg = Release|Any CPU
		{104CA2DD-88D8-435F-85F3-708B0C429319}.Release|Any CPU.Build.0 = Release|Any CPU
	EndGlobalSection
	GlobalSection(SolutionProperties) = preSolution
		HideSolutionNode = FALSE
	EndGlobalSection
	GlobalSection(ExtensibilityGlobals) = postSolution
		SolutionGuid = {CB58038D-0878-414B-B3F6-FD440C01D995}
	EndGlobalSection
EndGlobal
